
Microsoft Visual Studio Solution File, Format Version 12.00
# Visual Studio Version 17
VisualStudioVersion = 17.4.33205.214
MinimumVisualStudioVersion = 10.0.40219.1
Project("{FAE04EC0-301F-11D3-BF4B-00C04F79EFBC}") = "Ferreteria", "Ferreteria\Ferreteria.csproj", "{9EFFE918-CC6A-4B54-AEE6-2FBF28C08F06}"
EndProject
Project("{9A19103F-16F7-4668-BE54-9A1E7A4F7556}") = "Logica", "Logica\Logica.csproj", "{7C394ACD-42DD-45C7-9579-DBE881E22C4E}"
EndProject
Project("{FAE04EC0-301F-11D3-BF4B-00C04F79EFBC}") = "Ferrete", "Ferrete\Ferrete.csproj", "{A3E66FF5-6F6B-46F5-A2B0-8CBE60710B8D}"
EndProject
Global
	GlobalSection(SolutionConfigurationPlatforms) = preSolution
		Debug|Any CPU = Debug|Any CPU
		Release|Any CPU = Release|Any CPU
	EndGlobalSection
	GlobalSection(ProjectConfigurationPlatforms) = postSolution
		{9EFFE918-CC6A-4B54-AEE6-2FBF28C08F06}.Debug|Any CPU.ActiveCfg = Debug|Any CPU
		{9EFFE918-CC6A-4B54-AEE6-2FBF28C08F06}.Debug|Any CPU.Build.0 = Debug|Any CPU
		{9EFFE918-CC6A-4B54-AEE6-2FBF28C08F06}.Release|Any CPU.ActiveCfg = Release|Any CPU
		{9EFFE918-CC6A-4B54-AEE6-2FBF28C08F06}.Release|Any CPU.Build.0 = Release|Any CPU
		{7C394ACD-42DD-45C7-9579-DBE881E22C4E}.Debug|Any CPU.ActiveCfg = Debug|Any CPU
		{7C394ACD-42DD-45C7-9579-DBE881E22C4E}.Debug|Any CPU.Build.0 = Debug|Any CPU
		{7C394ACD-42DD-45C7-9579-DBE881E22C4E}.Release|Any CPU.ActiveCfg = Release|Any CPU
		{7C394ACD-42DD-45C7-9579-DBE881E22C4E}.Release|Any CPU.Build.0 = Release|Any CPU
		{A3E66FF5-6F6B-46F5-A2B0-8CBE60710B8D}.Debug|Any CPU.ActiveCfg = Debug|Any CPU
		{A3E66FF5-6F6B-46F5-A2B0-8CBE60710B8D}.Debug|Any CPU.Build.0 = Debug|Any CPU
		{A3E66FF5-6F6B-46F5-A2B0-8CBE60710B8D}.Release|Any CPU.ActiveCfg = Release|Any CPU
		{A3E66FF5-6F6B-46F5-A2B0-8CBE60710B8D}.Release|Any CPU.Build.0 = Release|Any CPU
	EndGlobalSection
	GlobalSection(SolutionProperties) = preSolution
		HideSolutionNode = FALSE
	EndGlobalSection
	GlobalSection(ExtensibilityGlobals) = postSolution
		SolutionGuid = {C20ADFDF-F95E-4472-8D4B-3A2518624995}
	EndGlobalSection
EndGlobal
