
Microsoft Visual Studio Solution File, Format Version 12.00
# Visual Studio Version 17
VisualStudioVersion = 17.4.33205.214
MinimumVisualStudioVersion = 10.0.40219.1
Project("{9A19103F-16F7-4668-BE54-9A1E7A4F7556}") = "Vista", "Vista.csproj", "{A338ABC7-524E-4E32-89AE-517A1C2ECCE7}"
EndProject
Project("{9A19103F-16F7-4668-BE54-9A1E7A4F7556}") = "Logica", "..\Logica\Logica.csproj", "{4537A7D8-E759-4942-AA78-F3D01147BF03}"
EndProject
Global
	GlobalSection(SolutionConfigurationPlatforms) = preSolution
		Debug|Any CPU = Debug|Any CPU
		Release|Any CPU = Release|Any CPU
	EndGlobalSection
	GlobalSection(ProjectConfigurationPlatforms) = postSolution
		{A338ABC7-524E-4E32-89AE-517A1C2ECCE7}.Debug|Any CPU.ActiveCfg = Debug|Any CPU
		{A338ABC7-524E-4E32-89AE-517A1C2ECCE7}.Debug|Any CPU.Build.0 = Debug|Any CPU
		{A338ABC7-524E-4E32-89AE-517A1C2ECCE7}.Release|Any CPU.ActiveCfg = Release|Any CPU
		{A338ABC7-524E-4E32-89AE-517A1C2ECCE7}.Release|Any CPU.Build.0 = Release|Any CPU
		{4537A7D8-E759-4942-AA78-F3D01147BF03}.Debug|Any CPU.ActiveCfg = Debug|Any CPU
		{4537A7D8-E759-4942-AA78-F3D01147BF03}.Debug|Any CPU.Build.0 = Debug|Any CPU
		{4537A7D8-E759-4942-AA78-F3D01147BF03}.Release|Any CPU.ActiveCfg = Release|Any CPU
		{4537A7D8-E759-4942-AA78-F3D01147BF03}.Release|Any CPU.Build.0 = Release|Any CPU
	EndGlobalSection
	GlobalSection(SolutionProperties) = preSolution
		HideSolutionNode = FALSE
	EndGlobalSection
	GlobalSection(ExtensibilityGlobals) = postSolution
		SolutionGuid = {BDC17A06-66D3-46A7-BB8F-925E178D000B}
	EndGlobalSection
EndGlobal
